version: 6
environments:
  default:
    channels:
    - url: https://conda.anaconda.org/conda-forge/
    packages:
      linux-64:
      - conda: https://conda.anaconda.org/conda-forge/linux-64/_openmp_mutex-4.5-20_gnu.conda
      - conda: https://conda.anaconda.org/conda-forge/linux-64/fzf-0.73.1-ha8f183a_0.conda
      - conda: https://conda.anaconda.org/conda-forge/linux-64/libgcc-15.2.0-he0feb66_19.conda
      - conda: https://conda.anaconda.org/conda-forge/linux-64/libgomp-15.2.0-he0feb66_19.conda
      - conda: https://conda.anaconda.org/conda-forge/linux-64/libiconv-1.18-h3b78370_2.conda
      - conda: https://conda.anaconda.org/conda-forge/linux-64/libtree-sitter-0.25.9-h280c20c_0.conda
      - conda: https://conda.anaconda.org/conda-forge/linux-64/libutf8proc-2.11.3-hfe17d71_0.conda
      - conda: https://conda.anaconda.org/conda-forge/linux-64/libuv-1.52.1-h280c20c_0.conda
      - conda: https://conda.anaconda.org/conda-forge/linux-64/lua-lpeg-1.1.0-h280c20c_5.conda
      - conda: https://conda.anaconda.org/conda-forge/linux-64/luajit-openresty-2.1_20260415-h280c20c_0.conda
      - conda: https://conda.anaconda.org/conda-forge/linux-64/luv-1.51.0-h73b1eb8_1.conda
      - conda: https://conda.anaconda.org/conda-forge/linux-64/nvim-0.12.2-h6367a8b_0.conda
      - conda: https://conda.anaconda.org/conda-forge/linux-64/ripgrep-15.1.0-hdab8a38_0.conda
      - conda: https://conda.anaconda.org/conda-forge/linux-64/unibilium-2.1.2-h280c20c_1.conda
      - conda: https://conda.anaconda.org/conda-forge/linux-64/zoxide-0.9.9-hb17b654_0.conda
packages:
- conda: https://conda.anaconda.org/conda-forge/linux-64/_openmp_mutex-4.5-20_gnu.conda
  build_number: 20
  sha256: 1dd3fffd892081df9726d7eb7e0dea6198962ba775bd88842135a4ddb4deb3c9
  md5: a9f577daf3de00bca7c3c76c0ecbd1de
  depends:
  - __glibc >=2.17,<3.0.a0
  - libgomp >=7.5.0
  constrains:
  - openmp_impl <0.0a0
  license: BSD-3-Clause
  license_family: BSD
  size: 28948
  timestamp: 1770939786096
- conda: https://conda.anaconda.org/conda-forge/linux-64/fzf-0.73.1-ha8f183a_0.conda
  sha256: 73e3bb0696029a1c329b689ff6e28c585e75f233dd896ec2dcb3e3cf2e4e1651
  md5: c45279b643d5375a224ac402c8f2b869
  license: MIT
  license_family: MIT
  size: 3481408
  timestamp: 1779693150833
- conda: https://conda.anaconda.org/conda-forge/linux-64/libgcc-15.2.0-he0feb66_19.conda
  sha256: 8e0a3b5e41272e5678499b5dfc4cddb673f9e935de01eb0767ce857001229f46
  md5: 57736f29cc2b0ec0b6c2952d3f101b6a
  depends:
  - __glibc >=2.17,<3.0.a0
  - _openmp_mutex >=4.5
  constrains:
  - libgcc-ng ==15.2.0=*_19
  - libgomp 15.2.0 he0feb66_19
  license: GPL-3.0-only WITH GCC-exception-3.1
  license_family: GPL
  size: 1041084
  timestamp: 1778269013026
- conda: https://conda.anaconda.org/conda-forge/linux-64/libgomp-15.2.0-he0feb66_19.conda
  sha256: 5abe4ab9d93f6c9757d654f1969ae2267d4505315c1f2f8fe705fd60af084f1b
  md5: faac990cb7aedc7f3a2224f2c9b0c26c
  depends:
  - __glibc >=2.17,<3.0.a0
  license: GPL-3.0-only WITH GCC-exception-3.1
  license_family: GPL
  size: 603817
  timestamp: 1778268942614
- conda: https://conda.anaconda.org/conda-forge/linux-64/libiconv-1.18-h3b78370_2.conda
  sha256: c467851a7312765447155e071752d7bf9bf44d610a5687e32706f480aad2833f
  md5: 915f5995e94f60e9a4826e0b0920ee88
  depends:
  - __glibc >=2.17,<3.0.a0
  - libgcc >=14
  license: LGPL-2.1-only
  size: 790176
  timestamp: 1754908768807
- conda: https://conda.anaconda.org/conda-forge/linux-64/libtree-sitter-0.25.9-h280c20c_0.conda
  sha256: de4133900552a22fb1d8f5de690b15f784d2bbd7cdd967ad282bd34c965124bf
  md5: a9a506002eda117e7cd473305c825f1a
  depends:
  - libgcc >=14
  - __glibc >=2.17,<3.0.a0
  license: MIT
  license_family: MIT
  size: 205332
  timestamp: 1757201839815
- conda: https://conda.anaconda.org/conda-forge/linux-64/libutf8proc-2.11.3-hfe17d71_0.conda
  sha256: ecbf4b7520296ed580498dc66a72508b8a79da5126e1d6dc650a7087171288f9
  md5: 1247168fe4a0b8912e3336bccdbf98a5
  depends:
  - __glibc >=2.17,<3.0.a0
  - libgcc >=14
  license: MIT
  license_family: MIT
  size: 85969
  timestamp: 1768735071295
- conda: https://conda.anaconda.org/conda-forge/linux-64/libuv-1.52.1-h280c20c_0.conda
  sha256: e28e4519223f78b3163599ca89c3f2d80bfb53e907e7fc74e806e60d1efa578b
  md5: 4e33d49bf4fc853855a3b00643aa5484
  depends:
  - libgcc >=14
  - __glibc >=2.17,<3.0.a0
  license: MIT
  license_family: MIT
  size: 419935
  timestamp: 1779396012261
- conda: https://conda.anaconda.org/conda-forge/linux-64/lua-lpeg-1.1.0-h280c20c_5.conda
  sha256: 69e2c8bbb0658d9263bcb0918e6c8c980e5bfe7cba0a6f23ca7a3289eaaccb1b
  md5: cfdf63417aa4230d0057ff43241d8e94
  depends:
  - luajit-openresty
  - __glibc >=2.17,<3.0.a0
  - libgcc >=14
  - luajit-openresty >=2.1_20260114,<3.0a0
  license: MIT
  license_family: MIT
  size: 141734
  timestamp: 1770910302066
- conda: https://conda.anaconda.org/conda-forge/linux-64/luajit-openresty-2.1_20260415-h280c20c_0.conda
  sha256: 2dc94a6b8422fe7c177879289a8641e8d72861e9a56292a4f4b1929f753a7ce3
  md5: 9ea31dfe8bb70a2b56a85c85b3ef4d82
  depends:
  - libgcc >=14
  - __glibc >=2.17,<3.0.a0
  constrains:
  - lua <5.1|>=5.2
  license: MIT
  license_family: MIT
  size: 1673032
  timestamp: 1777750771135
- conda: https://conda.anaconda.org/conda-forge/linux-64/luv-1.51.0-h73b1eb8_1.conda
  sha256: bc95e669dfa07b1dd0b8d7854e07bbf1c33cf6533286e41e15b3e8848a6f246d
  md5: 58bf09f1ba76d6dafba2be2586d81249
  depends:
  - __glibc >=2.17,<3.0.a0
  - libgcc >=13
  - luajit-openresty >=2.1_20250529,<3.0a0
  - libuv >=1.51.0,<2.0a0
  license: Apache-2.0
  license_family: APACHE
  size: 107190
  timestamp: 1750745834499
- conda: https://conda.anaconda.org/conda-forge/linux-64/nvim-0.12.2-h6367a8b_0.conda
  sha256: 9bdc7b6265f5fcb42f6438fe47e7f65b8d15471fa97e54b025d9551627f69ecf
  md5: 0ea321e79e0eb50beb2b6e88650d4721
  depends:
  - luajit-openresty
  - __glibc >=2.17,<3.0.a0
  - libgcc >=14
  - libiconv >=1.18,<2.0a0
  - unibilium >=2.1.2,<2.2.0a0
  - libutf8proc >=2.11.3,<2.12.0a0
  - luv >=1.51.0,<1.52.0a0
  - lua-lpeg >=1.1.0,<1.2.0a0
  - libuv >=1.51.0,<2.0a0
  - libtree-sitter >=0.25.9,<0.26.0a0
  - luajit-openresty >=2.1_20260311,<3.0a0
  license: Apache-2.0
  license_family: APACHE
  size: 9291455
  timestamp: 1776889884888
- conda: https://conda.anaconda.org/conda-forge/linux-64/ripgrep-15.1.0-hdab8a38_0.conda
  sha256: a745b0d0ca5ae53757e42d893a61a5034ed2ad4791728e376dbc5c6a4f9c3eb0
  md5: 1f9739b74aab91a4c9c7aea7a6987dbb
  depends:
  - __glibc >=2.17,<3.0.a0
  - libgcc >=14
  constrains:
  - __glibc >=2.17
  license: MIT
  license_family: MIT
  size: 1737412
  timestamp: 1761210874723
- conda: https://conda.anaconda.org/conda-forge/linux-64/unibilium-2.1.2-h280c20c_1.conda
  sha256: 50fc6a090d17fe872871d8ec9a9a8dfd2b890a30938b3ffa9a8d4eb283cbf81a
  md5: 2faa67f61c67fcafc336065f45b5ee33
  depends:
  - __glibc >=2.17,<3.0.a0
  - libgcc >=14
  license: LGPL-3.0-or-later
  license_family: LGPL
  size: 37064
  timestamp: 1764795076635
- conda: https://conda.anaconda.org/conda-forge/linux-64/zoxide-0.9.9-hb17b654_0.conda
  sha256: a9197b1aceb266c52ce40a74ad41415f8b2b8fb3496582ccd871264b767e0201
  md5: 93609df597ff230036f920367f04bc1d
  depends:
  - __glibc >=2.17,<3.0.a0
  - libgcc >=14
  constrains:
  - __glibc >=2.17
  license: MIT
  license_family: MIT
  size: 505575
  timestamp: 1769856983518
